
Microsoft Visual Studio Solution File, Format Version 12.00
# Visual Studio Express 2013 for Windows Desktop
VisualStudioVersion = 12.0.31101.0
MinimumVisualStudioVersion = 10.0.40219.1
Project("{8BC9CEB8-8B4A-11D0-8D11-00A0C91BC942}") = "Higher_Math", "Higher_Math\Higher_Math.vcxproj", "{3608188D-DCF8-49A1-9AB2-7F97B77FCD6E}"
EndProject
Global
	GlobalSection(SolutionConfigurationPlatforms) = preSolution
		Debug|Win32 = Debug|Win32
		Release|Win32 = Release|Win32
	EndGlobalSection
	GlobalSection(ProjectConfigurationPlatforms) = postSolution
		{3608188D-DCF8-49A1-9AB2-7F97B77FCD6E}.Debug|Win32.ActiveCfg = Debug|Win32
		{3608188D-DCF8-49A1-9AB2-7F97B77FCD6E}.Debug|Win32.Build.0 = Debug|Win32
		{3608188D-DCF8-49A1-9AB2-7F97B77FCD6E}.Release|Win32.ActiveCfg = Release|Win32
		{3608188D-DCF8-49A1-9AB2-7F97B77FCD6E}.Release|Win32.Build.0 = Release|Win32
	EndGlobalSection
	GlobalSection(SolutionProperties) = preSolution
		HideSolutionNode = FALSE
	EndGlobalSection
EndGlobal
